// !$*UTF8*$!
{
	archiveVersion = 1;
	classes = {
	};
	objectVersion = 56;
	objects = {

/* Begin PBXBuildFile section */
		66FF010B2C3048D500560472 /* TarantinoFilmsApp.swift in Sources */ = {isa = PBXBuildFile; fileRef = 66FF010A2C3048D500560472 /* TarantinoFilmsApp.swift */; };
		66FF010D2C3048D500560472 /* ContentView.swift in Sources */ = {isa = PBXBuildFile; fileRef = 66FF010C2C3048D500560472 /* ContentView.swift */; };
		66FF010F2C3048D600560472 /* Assets.xcassets in Resources */ = {isa = PBXBuildFile; fileRef = 66FF010E2C3048D600560472 /* Assets.xcassets */; };
		66FF01122C3048D600560472 /* Preview Assets.xcassets in Resources */ = {isa = PBXBuildFile; fileRef = 66FF01112C3048D600560472 /* Preview Assets.xcassets */; };
		66FF011B2C3049B800560472 /* Post.swift in Sources */ = {isa = PBXBuildFile; fileRef = 66FF011A2C3049B800560472 /* Post.swift */; };
		66FF011D2C3049E400560472 /* FilmsPosts.swift in Sources */ = {isa = PBXBuildFile; fileRef = 66FF011C2C3049E400560472 /* FilmsPosts.swift */; };
		66FF011F2C304A0700560472 /* FilmsListView.swift in Sources */ = {isa = PBXBuildFile; fileRef = 66FF011E2C304A0700560472 /* FilmsListView.swift */; };
		66FF01212C304A2E00560472 /* FilmRowView.swift in Sources */ = {isa = PBXBuildFile; fileRef = 66FF01202C304A2E00560472 /* FilmRowView.swift */; };
		66FF01232C304A4F00560472 /* FilmDetailsView.swift in Sources */ = {isa = PBXBuildFile; fileRef = 66FF01222C304A4F00560472 /* FilmDetailsView.swift */; };
		66FF01262C304AA700560472 /* MyMood.swift in Sources */ = {isa = PBXBuildFile; fileRef = 66FF01252C304AA700560472 /* MyMood.swift */; };
		66FF01282C304AC500560472 /* SettingsView.swift in Sources */ = {isa = PBXBuildFile; fileRef = 66FF01272C304AC500560472 /* SettingsView.swift */; };
		66FF012A2C304AED00560472 /* HelloView.swift in Sources */ = {isa = PBXBuildFile; fileRef = 66FF01292C304AED00560472 /* HelloView.swift */; };
		66FF012C2C32FFCA00560472 /* ColorTheme.swift in Sources */ = {isa = PBXBuildFile; fileRef = 66FF012B2C32FFCA00560472 /* ColorTheme.swift */; };
/* End PBXBuildFile section */

/* Begin PBXFileReference section */
		66FF01072C3048D500560472 /* TarantinoFilms.app */ = {isa = PBXFileReference; explicitFileType = wrapper.application; includeInIndex = 0; path = TarantinoFilms.app; sourceTree = BUILT_PRODUCTS_DIR; };
		66FF010A2C3048D500560472 /* TarantinoFilmsApp.swift */ = {isa = PBXFileReference; lastKnownFileType = sourcecode.swift; path = TarantinoFilmsApp.swift; sourceTree = "<group>"; };
		66FF010C2C3048D500560472 /* ContentView.swift */ = {isa = PBXFileReference; lastKnownFileType = sourcecode.swift; path = ContentView.swift; sourceTree = "<group>"; };
		66FF010E2C3048D600560472 /* Assets.xcassets */ = {isa = PBXFileReference; lastKnownFileType = folder.assetcatalog; path = Assets.xcassets; sourceTree = "<group>"; };
		66FF01112C3048D600560472 /* Preview Assets.xcassets */ = {isa = PBXFileReference; lastKnownFileType = folder.assetcatalog; path = "Preview Assets.xcassets"; sourceTree = "<group>"; };
		66FF011A2C3049B800560472 /* Post.swift */ = {isa = PBXFileReference; lastKnownFileType = sourcecode.swift; path = Post.swift; sourceTree = "<group>"; };
		66FF011C2C3049E400560472 /* FilmsPosts.swift */ = {isa = PBXFileReference; lastKnownFileType = sourcecode.swift; path = FilmsPosts.swift; sourceTree = "<group>"; };
		66FF011E2C304A0700560472 /* FilmsListView.swift */ = {isa = PBXFileReference; lastKnownFileType = sourcecode.swift; path = FilmsListView.swift; sourceTree = "<group>"; };
		66FF01202C304A2E00560472 /* FilmRowView.swift */ = {isa = PBXFileReference; lastKnownFileType = sourcecode.swift; path = FilmRowView.swift; sourceTree = "<group>"; };
		66FF01222C304A4F00560472 /* FilmDetailsView.swift */ = {isa = PBXFileReference; lastKnownFileType = sourcecode.swift; path = FilmDetailsView.swift; sourceTree = "<group>"; };
		66FF01252C304AA700560472 /* MyMood.swift */ = {isa = PBXFileReference; lastKnownFileType = sourcecode.swift; path = MyMood.swift; sourceTree = "<group>"; };
		66FF01272C304AC500560472 /* SettingsView.swift */ = {isa = PBXFileReference; lastKnownFileType = sourcecode.swift; path = SettingsView.swift; sourceTree = "<group>"; };
		66FF01292C304AED00560472 /* HelloView.swift */ = {isa = PBXFileReference; lastKnownFileType = sourcecode.swift; path = HelloView.swift; sourceTree = "<group>"; };
		66FF012B2C32FFCA00560472 /* ColorTheme.swift */ = {isa = PBXFileReference; lastKnownFileType = sourcecode.swift; path = ColorTheme.swift; sourceTree = "<group>"; };
/* End PBXFileReference section */

/* Begin PBXFrameworksBuildPhase section */
		66FF01042C3048D500560472 /* Frameworks */ = {
			isa = PBXFrameworksBuildPhase;
			buildActionMask = 2147483647;
			files = (
			);
			runOnlyForDeploymentPostprocessing = 0;
		};
/* End PBXFrameworksBuildPhase section */

/* Begin PBXGroup section */
		66FF00FE2C3048D500560472 = {
			isa = PBXGroup;
			children = (
				66FF01092C3048D500560472 /* TarantinoFilms */,
				66FF01082C3048D500560472 /* Products */,
			);
			sourceTree = "<group>";
		};
		66FF01082C3048D500560472 /* Products */ = {
			isa = PBXGroup;
			children = (
				66FF01072C3048D500560472 /* TarantinoFilms.app */,
			);
			name = Products;
			sourceTree = "<group>";
		};
		66FF01092C3048D500560472 /* TarantinoFilms */ = {
			isa = PBXGroup;
			children = (
				66FF010A2C3048D500560472 /* TarantinoFilmsApp.swift */,
				66FF010C2C3048D500560472 /* ContentView.swift */,
				66FF012B2C32FFCA00560472 /* ColorTheme.swift */,
				66FF01182C30498600560472 /* Tabs */,
				66FF010E2C3048D600560472 /* Assets.xcassets */,
				66FF01102C3048D600560472 /* Preview Content */,
			);
			path = TarantinoFilms;
			sourceTree = "<group>";
		};
		66FF01102C3048D600560472 /* Preview Content */ = {
			isa = PBXGroup;
			children = (
				66FF01112C3048D600560472 /* Preview Assets.xcassets */,
			);
			path = "Preview Content";
			sourceTree = "<group>";
		};
		66FF01182C30498600560472 /* Tabs */ = {
			isa = PBXGroup;
			children = (
				66FF01192C30498E00560472 /* FilmsList */,
				66FF012D2C32FFED00560472 /* Hello */,
				66FF01242C304A8B00560472 /* Settings */,
			);
			path = Tabs;
			sourceTree = "<group>";
		};
		66FF01192C30498E00560472 /* FilmsList */ = {
			isa = PBXGroup;
			children = (
				66FF011A2C3049B800560472 /* Post.swift */,
				66FF011C2C3049E400560472 /* FilmsPosts.swift */,
				66FF011E2C304A0700560472 /* FilmsListView.swift */,
				66FF01202C304A2E00560472 /* FilmRowView.swift */,
				66FF01222C304A4F00560472 /* FilmDetailsView.swift */,
			);
			path = FilmsList;
			sourceTree = "<group>";
		};
		66FF01242C304A8B00560472 /* Settings */ = {
			isa = PBXGroup;
			children = (
				66FF01252C304AA700560472 /* MyMood.swift */,
				66FF01272C304AC500560472 /* SettingsView.swift */,
			);
			path = Settings;
			sourceTree = "<group>";
		};
		66FF012D2C32FFED00560472 /* Hello */ = {
			isa = PBXGroup;
			children = (
				66FF01292C304AED00560472 /* HelloView.swift */,
			);
			path = Hello;
			sourceTree = "<group>";
		};
/* End PBXGroup section */

/* Begin PBXNativeTarget section */
		66FF01062C3048D500560472 /* TarantinoFilms */ = {
			isa = PBXNativeTarget;
			buildConfigurationList = 66FF01152C3048D600560472 /* Build configuration list for PBXNativeTarget "TarantinoFilms" */;
			buildPhases = (
				66FF01032C3048D500560472 /* Sources */,
				66FF01042C3048D500560472 /* Frameworks */,
				66FF01052C3048D500560472 /* Resources */,
			);
			buildRules = (
			);
			dependencies = (
			);
			name = TarantinoFilms;
			productName = TarantinoFilms;
			productReference = 66FF01072C3048D500560472 /* TarantinoFilms.app */;
			productType = "com.apple.product-type.application";
		};
/* End PBXNativeTarget section */

/* Begin PBXProject section */
		66FF00FF2C3048D500560472 /* Project object */ = {
			isa = PBXProject;
			attributes = {
				BuildIndependentTargetsInParallel = 1;
				LastSwiftUpdateCheck = 1510;
				LastUpgradeCheck = 1510;
				TargetAttributes = {
					66FF01062C3048D500560472 = {
						CreatedOnToolsVersion = 15.1;
					};
				};
			};
			buildConfigurationList = 66FF01022C3048D500560472 /* Build configuration list for PBXProject "TarantinoFilms" */;
			compatibilityVersion = "Xcode 14.0";
			developmentRegion = en;
			hasScannedForEncodings = 0;
			knownRegions = (
				en,
				Base,
			);
			mainGroup = 66FF00FE2C3048D500560472;
			productRefGroup = 66FF01082C3048D500560472 /* Products */;
			projectDirPath = "";
			projectRoot = "";
			targets = (
				66FF01062C3048D500560472 /* TarantinoFilms */,
			);
		};
/* End PBXProject section */

/* Begin PBXResourcesBuildPhase section */
		66FF01052C3048D500560472 /* Resources */ = {
			isa = PBXResourcesBuildPhase;
			buildActionMask = 2147483647;
			files = (
				66FF01122C3048D600560472 /* Preview Assets.xcassets in Resources */,
				66FF010F2C3048D600560472 /* Assets.xcassets in Resources */,
			);
			runOnlyForDeploymentPostprocessing = 0;
		};
/* End PBXResourcesBuildPhase section */

/* Begin PBXSourcesBuildPhase section */
		66FF01032C3048D500560472 /* Sources */ = {
			isa = PBXSourcesBuildPhase;
			buildActionMask = 2147483647;
			files = (
				66FF01232C304A4F00560472 /* FilmDetailsView.swift in Sources */,
				66FF011B2C3049B800560472 /* Post.swift in Sources */,
				66FF011F2C304A0700560472 /* FilmsListView.swift in Sources */,
				66FF012A2C304AED00560472 /* HelloView.swift in Sources */,
				66FF01282C304AC500560472 /* SettingsView.swift in Sources */,
				66FF010D2C3048D500560472 /* ContentView.swift in Sources */,
				66FF01262C304AA700560472 /* MyMood.swift in Sources */,
				66FF010B2C3048D500560472 /* TarantinoFilmsApp.swift in Sources */,
				66FF011D2C3049E400560472 /* FilmsPosts.swift in Sources */,
				66FF012C2C32FFCA00560472 /* ColorTheme.swift in Sources */,
				66FF01212C304A2E00560472 /* FilmRowView.swift in Sources */,
			);
			runOnlyForDeploymentPostprocessing = 0;
		};
/* End PBXSourcesBuildPhase section */

/* Begin XCBuildConfiguration section */
		66FF01132C3048D600560472 /* Debug */ = {
			isa = XCBuildConfiguration;
			buildSettings = {
				ALWAYS_SEARCH_USER_PATHS = NO;
				ASSETCATALOG_COMPILER_GENERATE_SWIFT_ASSET_SYMBOL_EXTENSIONS = YES;
				CLANG_ANALYZER_NONNULL = YES;
				CLANG_ANALYZER_NUMBER_OBJECT_CONVERSION = YES_AGGRESSIVE;
				CLANG_CXX_LANGUAGE_STANDARD = "gnu++20";
				CLANG_ENABLE_MODULES = YES;
				CLANG_ENABLE_OBJC_ARC = YES;
				CLANG_ENABLE_OBJC_WEAK = YES;
				CLANG_WARN_BLOCK_CAPTURE_AUTORELEASING = YES;
				CLANG_WARN_BOOL_CONVERSION = YES;
				CLANG_WARN_COMMA = YES;
				CLANG_WARN_CONSTANT_CONVERSION = YES;
				CLANG_WARN_DEPRECATED_OBJC_IMPLEMENTATIONS = YES;
				CLANG_WARN_DIRECT_OBJC_ISA_USAGE = YES_ERROR;
				CLANG_WARN_DOCUMENTATION_COMMENTS = YES;
				CLANG_WARN_EMPTY_BODY = YES;
				CLANG_WARN_ENUM_CONVERSION = YES;
				CLANG_WARN_INFINITE_RECURSION = YES;
				CLANG_WARN_INT_CONVERSION = YES;
				CLANG_WARN_NON_LITERAL_NULL_CONVERSION = YES;
				CLANG_WARN_OBJC_IMPLICIT_RETAIN_SELF = YES;
				CLANG_WARN_OBJC_LITERAL_CONVERSION = YES;
				CLANG_WARN_OBJC_ROOT_CLASS = YES_ERROR;
				CLANG_WARN_QUOTED_INCLUDE_IN_FRAMEWORK_HEADER = YES;
				CLANG_WARN_RANGE_LOOP_ANALYSIS = YES;
				CLANG_WARN_STRICT_PROTOTYPES = YES;
				CLANG_WARN_SUSPICIOUS_MOVE = YES;
				CLANG_WARN_UNGUARDED_AVAILABILITY = YES_AGGRESSIVE;
				CLANG_WARN_UNREACHABLE_CODE = YES;
				CLANG_WARN__DUPLICATE_METHOD_MATCH = YES;
				COPY_PHASE_STRIP = NO;
				DEBUG_INFORMATION_FORMAT = dwarf;
				ENABLE_STRICT_OBJC_MSGSEND = YES;
				ENABLE_TESTABILITY = YES;
				ENABLE_USER_SCRIPT_SANDBOXING = YES;
				GCC_C_LANGUAGE_STANDARD = gnu17;
				GCC_DYNAMIC_NO_PIC = NO;
				GCC_NO_COMMON_BLOCKS = YES;
				GCC_OPTIMIZATION_LEVEL = 0;
				GCC_PREPROCESSOR_DEFINITIONS = (
					"DEBUG=1",
					"$(inherited)",
				);
				GCC_WARN_64_TO_32_BIT_CONVERSION = YES;
				GCC_WARN_ABOUT_RETURN_TYPE = YES_ERROR;
				GCC_WARN_UNDECLARED_SELECTOR = YES;
				GCC_WARN_UNINITIALIZED_AUTOS = YES_AGGRESSIVE;
				GCC_WARN_UNUSED_FUNCTION = YES;
				GCC_WARN_UNUSED_VARIABLE = YES;
				IPHONEOS_DEPLOYMENT_TARGET = 17.2;
				LOCALIZATION_PREFERS_STRING_CATALOGS = YES;
				MTL_ENABLE_DEBUG_INFO = INCLUDE_SOURCE;
				MTL_FAST_MATH = YES;
				ONLY_ACTIVE_ARCH = YES;
				SDKROOT = iphoneos;
				SWIFT_ACTIVE_COMPILATION_CONDITIONS = "DEBUG $(inherited)";
				SWIFT_OPTIMIZATION_LEVEL = "-Onone";
			};
			name = Debug;
		};
		66FF01142C3048D600560472 /* Release */ = {
			isa = XCBuildConfiguration;
			buildSettings = {
				ALWAYS_SEARCH_USER_PATHS = NO;
				ASSETCATALOG_COMPILER_GENERATE_SWIFT_ASSET_SYMBOL_EXTENSIONS = YES;
				CLANG_ANALYZER_NONNULL = YES;
				CLANG_ANALYZER_NUMBER_OBJECT_CONVERSION = YES_AGGRESSIVE;
				CLANG_CXX_LANGUAGE_STANDARD = "gnu++20";
				CLANG_ENABLE_MODULES = YES;
				CLANG_ENABLE_OBJC_ARC = YES;
				CLANG_ENABLE_OBJC_WEAK = YES;
				CLANG_WARN_BLOCK_CAPTURE_AUTORELEASING = YES;
				CLANG_WARN_BOOL_CONVERSION = YES;
				CLANG_WARN_COMMA = YES;
				CLANG_WARN_CONSTANT_CONVERSION = YES;
				CLANG_WARN_DEPRECATED_OBJC_IMPLEMENTATIONS = YES;
				CLANG_WARN_DIRECT_OBJC_ISA_USAGE = YES_ERROR;
				CLANG_WARN_DOCUMENTATION_COMMENTS = YES;
				CLANG_WARN_EMPTY_BODY = YES;
				CLANG_WARN_ENUM_CONVERSION = YES;
				CLANG_WARN_INFINITE_RECURSION = YES;
				CLANG_WARN_INT_CONVERSION = YES;
				CLANG_WARN_NON_LITERAL_NULL_CONVERSION = YES;
				CLANG_WARN_OBJC_IMPLICIT_RETAIN_SELF = YES;
				CLANG_WARN_OBJC_LITERAL_CONVERSION = YES;
				CLANG_WARN_OBJC_ROOT_CLASS = YES_ERROR;
				CLANG_WARN_QUOTED_INCLUDE_IN_FRAMEWORK_HEADER = YES;
				CLANG_WARN_RANGE_LOOP_ANALYSIS = YES;
				CLANG_WARN_STRICT_PROTOTYPES = YES;
				CLANG_WARN_SUSPICIOUS_MOVE = YES;
				CLANG_WARN_UNGUARDED_AVAILABILITY = YES_AGGRESSIVE;
				CLANG_WARN_UNREACHABLE_CODE = YES;
				CLANG_WARN__DUPLICATE_METHOD_MATCH = YES;
				COPY_PHASE_STRIP = NO;
				DEBUG_INFORMATION_FORMAT = "dwarf-with-dsym";
				ENABLE_NS_ASSERTIONS = NO;
				ENABLE_STRICT_OBJC_MSGSEND = YES;
				ENABLE_USER_SCRIPT_SANDBOXING = YES;
				GCC_C_LANGUAGE_STANDARD = gnu17;
				GCC_NO_COMMON_BLOCKS = YES;
				GCC_WARN_64_TO_32_BIT_CONVERSION = YES;
				GCC_WARN_ABOUT_RETURN_TYPE = YES_ERROR;
				GCC_WARN_UNDECLARED_SELECTOR = YES;
				GCC_WARN_UNINITIALIZED_AUTOS = YES_AGGRESSIVE;
				GCC_WARN_UNUSED_FUNCTION = YES;
				GCC_WARN_UNUSED_VARIABLE = YES;
				IPHONEOS_DEPLOYMENT_TARGET = 17.2;
				LOCALIZATION_PREFERS_STRING_CATALOGS = YES;
				MTL_ENABLE_DEBUG_INFO = NO;
				MTL_FAST_MATH = YES;
				SDKROOT = iphoneos;
				SWIFT_COMPILATION_MODE = wholemodule;
				VALIDATE_PRODUCT = YES;
			};
			name = Release;
		};
		66FF01162C3048D600560472 /* Debug */ = {
			isa = XCBuildConfiguration;
			buildSettings = {
				ASSETCATALOG_COMPILER_APPICON_NAME = AppIcon;
				ASSETCATALOG_COMPILER_GLOBAL_ACCENT_COLOR_NAME = AccentColor;
				CODE_SIGN_STYLE = Automatic;
				CURRENT_PROJECT_VERSION = 1;
				DEVELOPMENT_ASSET_PATHS = "\"TarantinoFilms/Preview Content\"";
				ENABLE_PREVIEWS = YES;
				GENERATE_INFOPLIST_FILE = YES;
				INFOPLIST_KEY_UIApplicationSceneManifest_Generation = YES;
				INFOPLIST_KEY_UIApplicationSupportsIndirectInputEvents = YES;
				INFOPLIST_KEY_UILaunchScreen_Generation = YES;
				INFOPLIST_KEY_UISupportedInterfaceOrientations_iPad = "UIInterfaceOrientationPortrait UIInterfaceOrientationPortraitUpsideDown UIInterfaceOrientationLandscapeLeft UIInterfaceOrientationLandscapeRight";
				INFOPLIST_KEY_UISupportedInterfaceOrientations_iPhone = "UIInterfaceOrientationPortrait UIInterfaceOrientationLandscapeLeft UIInterfaceOrientationLandscapeRight";
				LD_RUNPATH_SEARCH_PATHS = (
					"$(inherited)",
					"@executable_path/Frameworks",
				);
				MARKETING_VERSION = 1.0;
				PRODUCT_BUNDLE_IDENTIFIER = io.github.annrybinka.TarantinoFilms;
				PRODUCT_NAME = "$(TARGET_NAME)";
				SWIFT_EMIT_LOC_STRINGS = YES;
				SWIFT_VERSION = 5.0;
				TARGETED_DEVICE_FAMILY = "1,2";
			};
			name = Debug;
		};
		66FF01172C3048D600560472 /* Release */ = {
			isa = XCBuildConfiguration;
			buildSettings = {
				ASSETCATALOG_COMPILER_APPICON_NAME = AppIcon;
				ASSETCATALOG_COMPILER_GLOBAL_ACCENT_COLOR_NAME = AccentColor;
				CODE_SIGN_STYLE = Automatic;
				CURRENT_PROJECT_VERSION = 1;
				DEVELOPMENT_ASSET_PATHS = "\"TarantinoFilms/Preview Content\"";
				ENABLE_PREVIEWS = YES;
				GENERATE_INFOPLIST_FILE = YES;
				INFOPLIST_KEY_UIApplicationSceneManifest_Generation = YES;
				INFOPLIST_KEY_UIApplicationSupportsIndirectInputEvents = YES;
				INFOPLIST_KEY_UILaunchScreen_Generation = YES;
				INFOPLIST_KEY_UISupportedInterfaceOrientations_iPad = "UIInterfaceOrientationPortrait UIInterfaceOrientationPortraitUpsideDown UIInterfaceOrientationLandscapeLeft UIInterfaceOrientationLandscapeRight";
				INFOPLIST_KEY_UISupportedInterfaceOrientations_iPhone = "UIInterfaceOrientationPortrait UIInterfaceOrientationLandscapeLeft UIInterfaceOrientationLandscapeRight";
				LD_RUNPATH_SEARCH_PATHS = (
					"$(inherited)",
					"@executable_path/Frameworks",
				);
				MARKETING_VERSION = 1.0;
				PRODUCT_BUNDLE_IDENTIFIER = io.github.annrybinka.TarantinoFilms;
				PRODUCT_NAME = "$(TARGET_NAME)";
				SWIFT_EMIT_LOC_STRINGS = YES;
				SWIFT_VERSION = 5.0;
				TARGETED_DEVICE_FAMILY = "1,2";
			};
			name = Release;
		};
/* End XCBuildConfiguration section */

/* Begin XCConfigurationList section */
		66FF01022C3048D500560472 /* Build configuration list for PBXProject "TarantinoFilms" */ = {
			isa = XCConfigurationList;
			buildConfigurations = (
				66FF01132C3048D600560472 /* Debug */,
				66FF01142C3048D600560472 /* Release */,
			);
			defaultConfigurationIsVisible = 0;
			defaultConfigurationName = Release;
		};
		66FF01152C3048D600560472 /* Build configuration list for PBXNativeTarget "TarantinoFilms" */ = {
			isa = XCConfigurationList;
			buildConfigurations = (
				66FF01162C3048D600560472 /* Debug */,
				66FF01172C3048D600560472 /* Release */,
			);
			defaultConfigurationIsVisible = 0;
			defaultConfigurationName = Release;
		};
/* End XCConfigurationList section */
	};
	rootObject = 66FF00FF2C3048D500560472 /* Project object */;
}
